
Microsoft Visual Studio Solution File, Format Version 12.00
# Visual Studio Version 17
VisualStudioVersion = 17.3.32819.101
MinimumVisualStudioVersion = 10.0.40219.1
Project("{9A19103F-16F7-4668-BE54-9A1E7A4F7556}") = "gRPCMap4d", "gRPCMap4d\gRPCMap4d.csproj", "{2A0D908D-6DDB-4F93-BF16-DB028DF57D54}"
EndProject
Project("{9A19103F-16F7-4668-BE54-9A1E7A4F7556}") = "Map4dApiShared.Directions", "Shared\Map4dApiShared.Directions\Map4dApiShared.Directions.csproj", "{65D9F8DE-D862-4EC7-994D-7552200779F2}"
EndProject
Project("{9A19103F-16F7-4668-BE54-9A1E7A4F7556}") = "Map4dApiShared.Utils", "Shared\Map4dApiShared.Utils\Map4dApiShared.Utils.csproj", "{391D40B5-74D6-448C-BA9F-178F2D164C84}"
EndProject
Global
	GlobalSection(SolutionConfigurationPlatforms) = preSolution
		Debug|Any CPU = Debug|Any CPU
		Release|Any CPU = Release|Any CPU
	EndGlobalSection
	GlobalSection(ProjectConfigurationPlatforms) = postSolution
		{2A0D908D-6DDB-4F93-BF16-DB028DF57D54}.Debug|Any CPU.ActiveCfg = Debug|Any CPU
		{2A0D908D-6DDB-4F93-BF16-DB028DF57D54}.Debug|Any CPU.Build.0 = Debug|Any CPU
		{2A0D908D-6DDB-4F93-BF16-DB028DF57D54}.Release|Any CPU.ActiveCfg = Release|Any CPU
		{2A0D908D-6DDB-4F93-BF16-DB028DF57D54}.Release|Any CPU.Build.0 = Release|Any CPU
		{65D9F8DE-D862-4EC7-994D-7552200779F2}.Debug|Any CPU.ActiveCfg = Debug|Any CPU
		{65D9F8DE-D862-4EC7-994D-7552200779F2}.Debug|Any CPU.Build.0 = Debug|Any CPU
		{65D9F8DE-D862-4EC7-994D-7552200779F2}.Release|Any CPU.ActiveCfg = Release|Any CPU
		{65D9F8DE-D862-4EC7-994D-7552200779F2}.Release|Any CPU.Build.0 = Release|Any CPU
		{391D40B5-74D6-448C-BA9F-178F2D164C84}.Debug|Any CPU.ActiveCfg = Debug|Any CPU
		{391D40B5-74D6-448C-BA9F-178F2D164C84}.Debug|Any CPU.Build.0 = Debug|Any CPU
		{391D40B5-74D6-448C-BA9F-178F2D164C84}.Release|Any CPU.ActiveCfg = Release|Any CPU
		{391D40B5-74D6-448C-BA9F-178F2D164C84}.Release|Any CPU.Build.0 = Release|Any CPU
	EndGlobalSection
	GlobalSection(SolutionProperties) = preSolution
		HideSolutionNode = FALSE
	EndGlobalSection
	GlobalSection(ExtensibilityGlobals) = postSolution
		SolutionGuid = {EAC18102-9DAC-4769-8B6B-55E18E782410}
	EndGlobalSection
EndGlobal
